{
  "requires": true,
  "lockfileVersion": 1,
  "dependencies": {
    "@ranfdev/deepobj": {
      "version": "1.0.2",
      "resolved": "https://registry.npmjs.org/@ranfdev/deepobj/-/deepobj-1.0.2.tgz",
      "integrity": "sha512-FM3y6kfJaj5MCoAjdv24EDCTDbuFz+4+pgAunbjYfugwIE4O/xx8mPNji1n/ouG8pHCntSnBr1xwTOensF23Gg=="
    },
    "crossfilter2": {
      "version": "1.5.4",
      "resolved": "https://registry.npmjs.org/crossfilter2/-/crossfilter2-1.5.4.tgz",
      "integrity": "sha512-oOGqOM0RocwQFOXJnEaUKqYV6Mc1TNCRv3LrNUa0QlofQTutGAXyQaLW1aGKLls2sfnbwBEtsa6tPD3jY+ycqQ==",
      "requires": {
        "@ranfdev/deepobj": "1.0.2"
      }
    },
    "json-to-pivot-json": {
      "version": "1.0.1",
      "resolved": "https://registry.npmjs.org/json-to-pivot-json/-/json-to-pivot-json-1.0.1.tgz",
      "integrity": "sha1-bhCPPqUO7COozbbs8MQyPVmWrSk="
    }
  }
}
